
Microsoft Visual Studio Solution File, Format Version 12.00
# Visual Studio 14
VisualStudioVersion = 14.0.25420.1
MinimumVisualStudioVersion = 10.0.40219.1
Project("{FAE04EC0-301F-11D3-BF4B-00C04F79EFBC}") = "RTGenerater", "RTGenerater\RTGenerater.csproj", "{5738D3BD-F311-43D2-90A0-D64B93A9503E}"
EndProject
Project("{FAE04EC0-301F-11D3-BF4B-00C04F79EFBC}") = "RTGenerater.Test", "RTGenerater.Test\RTGenerater.Test.csproj", "{7EFA6601-3604-4965-9E28-A69F466127C0}"
EndProject
Global
	GlobalSection(SolutionConfigurationPlatforms) = preSolution
		Debug|Any CPU = Debug|Any CPU
		Release|Any CPU = Release|Any CPU
	EndGlobalSection
	GlobalSection(ProjectConfigurationPlatforms) = postSolution
		{5738D3BD-F311-43D2-90A0-D64B93A9503E}.Debug|Any CPU.ActiveCfg = Debug|Any CPU
		{5738D3BD-F311-43D2-90A0-D64B93A9503E}.Debug|Any CPU.Build.0 = Debug|Any CPU
		{5738D3BD-F311-43D2-90A0-D64B93A9503E}.Release|Any CPU.ActiveCfg = Release|Any CPU
		{5738D3BD-F311-43D2-90A0-D64B93A9503E}.Release|Any CPU.Build.0 = Release|Any CPU
		{7EFA6601-3604-4965-9E28-A69F466127C0}.Debug|Any CPU.ActiveCfg = Debug|Any CPU
		{7EFA6601-3604-4965-9E28-A69F466127C0}.Debug|Any CPU.Build.0 = Debug|Any CPU
		{7EFA6601-3604-4965-9E28-A69F466127C0}.Release|Any CPU.ActiveCfg = Release|Any CPU
		{7EFA6601-3604-4965-9E28-A69F466127C0}.Release|Any CPU.Build.0 = Release|Any CPU
	EndGlobalSection
	GlobalSection(SolutionProperties) = preSolution
		HideSolutionNode = FALSE
	EndGlobalSection
EndGlobal
